
Microsoft Visual Studio Solution File, Format Version 12.00
# Visual Studio Version 17
VisualStudioVersion = 17.14.36202.13
MinimumVisualStudioVersion = 10.0.40219.1
Project("{FAE04EC0-301F-11D3-BF4B-00C04F79EFBC}") = "Studying", "Studying.csproj", "{7DD8D33E-088C-4B10-BECF-F55B27929253}"
EndProject
Global
	GlobalSection(SolutionConfigurationPlatforms) = preSolution
		Debug|Any CPU = Debug|Any CPU
		Debug|x64 = Debug|x64
		Debug|x86 = Debug|x86
		Release|Any CPU = Release|Any CPU
		Release|x64 = Release|x64
		Release|x86 = Release|x86
	EndGlobalSection
	GlobalSection(ProjectConfigurationPlatforms) = postSolution
		{7DD8D33E-088C-4B10-BECF-F55B27929253}.Debug|Any CPU.ActiveCfg = Debug|Any CPU
		{7DD8D33E-088C-4B10-BECF-F55B27929253}.Debug|Any CPU.Build.0 = Debug|Any CPU
		{7DD8D33E-088C-4B10-BECF-F55B27929253}.Debug|x64.ActiveCfg = Debug|Any CPU
		{7DD8D33E-088C-4B10-BECF-F55B27929253}.Debug|x64.Build.0 = Debug|Any CPU
		{7DD8D33E-088C-4B10-BECF-F55B27929253}.Debug|x86.ActiveCfg = Debug|Any CPU
		{7DD8D33E-088C-4B10-BECF-F55B27929253}.Debug|x86.Build.0 = Debug|Any CPU
		{7DD8D33E-088C-4B10-BECF-F55B27929253}.Release|Any CPU.ActiveCfg = Release|Any CPU
		{7DD8D33E-088C-4B10-BECF-F55B27929253}.Release|Any CPU.Build.0 = Release|Any CPU
		{7DD8D33E-088C-4B10-BECF-F55B27929253}.Release|x64.ActiveCfg = Release|Any CPU
		{7DD8D33E-088C-4B10-BECF-F55B27929253}.Release|x64.Build.0 = Release|Any CPU
		{7DD8D33E-088C-4B10-BECF-F55B27929253}.Release|x86.ActiveCfg = Release|Any CPU
		{7DD8D33E-088C-4B10-BECF-F55B27929253}.Release|x86.Build.0 = Release|Any CPU
	EndGlobalSection
	GlobalSection(SolutionProperties) = preSolution
		HideSolutionNode = FALSE
	EndGlobalSection
	GlobalSection(ExtensibilityGlobals) = postSolution
		SolutionGuid = {D200D6FF-F0E6-4013-9CFE-07A5F43BABC1}
	EndGlobalSection
EndGlobal
